
Microsoft Visual Studio Solution File, Format Version 11.00
# Visual Studio 2010
Project("{FAE04EC0-301F-11D3-BF4B-00C04F79EFBC}") = "17d09", "17d09\17d09.csproj", "{C1F8663E-0952-4BA3-AABC-142467D03B46}"
EndProject
Global
	GlobalSection(SolutionConfigurationPlatforms) = preSolution
		Debug|Any CPU = Debug|Any CPU
		Release|Any CPU = Release|Any CPU
	EndGlobalSection
	GlobalSection(ProjectConfigurationPlatforms) = postSolution
		{C1F8663E-0952-4BA3-AABC-142467D03B46}.Debug|Any CPU.ActiveCfg = Debug|Any CPU
		{C1F8663E-0952-4BA3-AABC-142467D03B46}.Debug|Any CPU.Build.0 = Debug|Any CPU
		{C1F8663E-0952-4BA3-AABC-142467D03B46}.Release|Any CPU.ActiveCfg = Release|Any CPU
		{C1F8663E-0952-4BA3-AABC-142467D03B46}.Release|Any CPU.Build.0 = Release|Any CPU
	EndGlobalSection
	GlobalSection(SolutionProperties) = preSolution
		HideSolutionNode = FALSE
	EndGlobalSection
EndGlobal
