
Microsoft Visual Studio Solution File, Format Version 11.00
# Visual Studio 2010
Project("{FAE04EC0-301F-11D3-BF4B-00C04F79EFBC}") = "18d09", "18d09\18d09.csproj", "{89448F0E-584E-4E60-8DEF-7A459492596F}"
EndProject
Global
	GlobalSection(SolutionConfigurationPlatforms) = preSolution
		Debug|Any CPU = Debug|Any CPU
		Release|Any CPU = Release|Any CPU
	EndGlobalSection
	GlobalSection(ProjectConfigurationPlatforms) = postSolution
		{89448F0E-584E-4E60-8DEF-7A459492596F}.Debug|Any CPU.ActiveCfg = Debug|Any CPU
		{89448F0E-584E-4E60-8DEF-7A459492596F}.Debug|Any CPU.Build.0 = Debug|Any CPU
		{89448F0E-584E-4E60-8DEF-7A459492596F}.Release|Any CPU.ActiveCfg = Release|Any CPU
		{89448F0E-584E-4E60-8DEF-7A459492596F}.Release|Any CPU.Build.0 = Release|Any CPU
	EndGlobalSection
	GlobalSection(SolutionProperties) = preSolution
		HideSolutionNode = FALSE
	EndGlobalSection
EndGlobal
